// !$*UTF8*$!
{
	archiveVersion = 1;
	classes = {
	};
	objectVersion = 50;
	objects = {

/* Begin PBXBuildFile section */
		D0550A2F2214C0B700BE5ACE /* AppDelegate.swift in Sources */ = {isa = PBXBuildFile; fileRef = D0550A2E2214C0B700BE5ACE /* AppDelegate.swift */; };
		D0550A312214C0B700BE5ACE /* ViewController.swift in Sources */ = {isa = PBXBuildFile; fileRef = D0550A302214C0B700BE5ACE /* ViewController.swift */; };
		D0550A342214C0B700BE5ACE /* Main.storyboard in Resources */ = {isa = PBXBuildFile; fileRef = D0550A322214C0B700BE5ACE /* Main.storyboard */; };
		D0550A362214C0B900BE5ACE /* Assets.xcassets in Resources */ = {isa = PBXBuildFile; fileRef = D0550A352214C0B900BE5ACE /* Assets.xcassets */; };
		D0550A392214C0B900BE5ACE /* LaunchScreen.storyboard in Resources */ = {isa = PBXBuildFile; fileRef = D0550A372214C0B900BE5ACE /* LaunchScreen.storyboard */; };
		D0550A442214C0B900BE5ACE /* WorkshopTestesTests.swift in Sources */ = {isa = PBXBuildFile; fileRef = D0550A432214C0B900BE5ACE /* WorkshopTestesTests.swift */; };
/* End PBXBuildFile section */

/* Begin PBXContainerItemProxy section */
		D0550A402214C0B900BE5ACE /* PBXContainerItemProxy */ = {
			isa = PBXContainerItemProxy;
			containerPortal = D0550A232214C0B700BE5ACE /* Project object */;
			proxyType = 1;
			remoteGlobalIDString = D0550A2A2214C0B700BE5ACE;
			remoteInfo = WorkshopTestes;
		};
/* End PBXContainerItemProxy section */

/* Begin PBXFileReference section */
		D0550A2B2214C0B700BE5ACE /* WorkshopTestes.app */ = {isa = PBXFileReference; explicitFileType = wrapper.application; includeInIndex = 0; path = WorkshopTestes.app; sourceTree = BUILT_PRODUCTS_DIR; };
		D0550A2E2214C0B700BE5ACE /* AppDelegate.swift */ = {isa = PBXFileReference; lastKnownFileType = sourcecode.swift; path = AppDelegate.swift; sourceTree = "<group>"; };
		D0550A302214C0B700BE5ACE /* ViewController.swift */ = {isa = PBXFileReference; lastKnownFileType = sourcecode.swift; path = ViewController.swift; sourceTree = "<group>"; };
		D0550A332214C0B700BE5ACE /* Base */ = {isa = PBXFileReference; lastKnownFileType = file.storyboard; name = Base; path = Base.lproj/Main.storyboard; sourceTree = "<group>"; };
		D0550A352214C0B900BE5ACE /* Assets.xcassets */ = {isa = PBXFileReference; lastKnownFileType = folder.assetcatalog; path = Assets.xcassets; sourceTree = "<group>"; };
		D0550A382214C0B900BE5ACE /* Base */ = {isa = PBXFileReference; lastKnownFileType = file.storyboard; name = Base; path = Base.lproj/LaunchScreen.storyboard; sourceTree = "<group>"; };
		D0550A3A2214C0B900BE5ACE /* Info.plist */ = {isa = PBXFileReference; lastKnownFileType = text.plist.xml; path = Info.plist; sourceTree = "<group>"; };
		D0550A3F2214C0B900BE5ACE /* WorkshopTestesTests.xctest */ = {isa = PBXFileReference; explicitFileType = wrapper.cfbundle; includeInIndex = 0; path = WorkshopTestesTests.xctest; sourceTree = BUILT_PRODUCTS_DIR; };
		D0550A432214C0B900BE5ACE /* WorkshopTestesTests.swift */ = {isa = PBXFileReference; lastKnownFileType = sourcecode.swift; path = WorkshopTestesTests.swift; sourceTree = "<group>"; };
		D0550A452214C0B900BE5ACE /* Info.plist */ = {isa = PBXFileReference; lastKnownFileType = text.plist.xml; path = Info.plist; sourceTree = "<group>"; };
/* End PBXFileReference section */

/* Begin PBXFrameworksBuildPhase section */
		D0550A282214C0B700BE5ACE /* Frameworks */ = {
			isa = PBXFrameworksBuildPhase;
			buildActionMask = 2147483647;
			files = (
			);
			runOnlyForDeploymentPostprocessing = 0;
		};
		D0550A3C2214C0B900BE5ACE /* Frameworks */ = {
			isa = PBXFrameworksBuildPhase;
			buildActionMask = 2147483647;
			files = (
			);
			runOnlyForDeploymentPostprocessing = 0;
		};
/* End PBXFrameworksBuildPhase section */

/* Begin PBXGroup section */
		D0550A222214C0B700BE5ACE = {
			isa = PBXGroup;
			children = (
				D0550A2D2214C0B700BE5ACE /* WorkshopTestes */,
				D0550A422214C0B900BE5ACE /* WorkshopTestesTests */,
				D0550A2C2214C0B700BE5ACE /* Products */,
			);
			sourceTree = "<group>";
		};
		D0550A2C2214C0B700BE5ACE /* Products */ = {
			isa = PBXGroup;
			children = (
				D0550A2B2214C0B700BE5ACE /* WorkshopTestes.app */,
				D0550A3F2214C0B900BE5ACE /* WorkshopTestesTests.xctest */,
			);
			name = Products;
			sourceTree = "<group>";
		};
		D0550A2D2214C0B700BE5ACE /* WorkshopTestes */ = {
			isa = PBXGroup;
			children = (
				D0550A2E2214C0B700BE5ACE /* AppDelegate.swift */,
				D0550A302214C0B700BE5ACE /* ViewController.swift */,
				D0550A322214C0B700BE5ACE /* Main.storyboard */,
				D0550A352214C0B900BE5ACE /* Assets.xcassets */,
				D0550A372214C0B900BE5ACE /* LaunchScreen.storyboard */,
				D0550A3A2214C0B900BE5ACE /* Info.plist */,
			);
			path = WorkshopTestes;
			sourceTree = "<group>";
		};
		D0550A422214C0B900BE5ACE /* WorkshopTestesTests */ = {
			isa = PBXGroup;
			children = (
				D0550A432214C0B900BE5ACE /* WorkshopTestesTests.swift */,
				D0550A452214C0B900BE5ACE /* Info.plist */,
			);
			path = WorkshopTestesTests;
			sourceTree = "<group>";
		};
/* End PBXGroup section */

/* Begin PBXNativeTarget section */
		D0550A2A2214C0B700BE5ACE /* WorkshopTestes */ = {
			isa = PBXNativeTarget;
			buildConfigurationList = D0550A482214C0B900BE5ACE /* Build configuration list for PBXNativeTarget "WorkshopTestes" */;
			buildPhases = (
				D0550A272214C0B700BE5ACE /* Sources */,
				D0550A282214C0B700BE5ACE /* Frameworks */,
				D0550A292214C0B700BE5ACE /* Resources */,
			);
			buildRules = (
			);
			dependencies = (
			);
			name = WorkshopTestes;
			productName = WorkshopTestes;
			productReference = D0550A2B2214C0B700BE5ACE /* WorkshopTestes.app */;
			productType = "com.apple.product-type.application";
		};
		D0550A3E2214C0B900BE5ACE /* WorkshopTestesTests */ = {
			isa = PBXNativeTarget;
			buildConfigurationList = D0550A4B2214C0B900BE5ACE /* Build configuration list for PBXNativeTarget "WorkshopTestesTests" */;
			buildPhases = (
				D0550A3B2214C0B900BE5ACE /* Sources */,
				D0550A3C2214C0B900BE5ACE /* Frameworks */,
				D0550A3D2214C0B900BE5ACE /* Resources */,
			);
			buildRules = (
			);
			dependencies = (
				D0550A412214C0B900BE5ACE /* PBXTargetDependency */,
			);
			name = WorkshopTestesTests;
			productName = WorkshopTestesTests;
			productReference = D0550A3F2214C0B900BE5ACE /* WorkshopTestesTests.xctest */;
			productType = "com.apple.product-type.bundle.unit-test";
		};
/* End PBXNativeTarget section */

/* Begin PBXProject section */
		D0550A232214C0B700BE5ACE /* Project object */ = {
			isa = PBXProject;
			attributes = {
				LastSwiftUpdateCheck = 1010;
				LastUpgradeCheck = 1010;
				ORGANIZATIONNAME = "Michel Lutz";
				TargetAttributes = {
					D0550A2A2214C0B700BE5ACE = {
						CreatedOnToolsVersion = 10.1;
					};
					D0550A3E2214C0B900BE5ACE = {
						CreatedOnToolsVersion = 10.1;
						TestTargetID = D0550A2A2214C0B700BE5ACE;
					};
				};
			};
			buildConfigurationList = D0550A262214C0B700BE5ACE /* Build configuration list for PBXProject "WorkshopTestes" */;
			compatibilityVersion = "Xcode 9.3";
			developmentRegion = en;
			hasScannedForEncodings = 0;
			knownRegions = (
				en,
				Base,
			);
			mainGroup = D0550A222214C0B700BE5ACE;
			productRefGroup = D0550A2C2214C0B700BE5ACE /* Products */;
			projectDirPath = "";
			projectRoot = "";
			targets = (
				D0550A2A2214C0B700BE5ACE /* WorkshopTestes */,
				D0550A3E2214C0B900BE5ACE /* WorkshopTestesTests */,
			);
		};
/* End PBXProject section */

/* Begin PBXResourcesBuildPhase section */
		D0550A292214C0B700BE5ACE /* Resources */ = {
			isa = PBXResourcesBuildPhase;
			buildActionMask = 2147483647;
			files = (
				D0550A392214C0B900BE5ACE /* LaunchScreen.storyboard in Resources */,
				D0550A362214C0B900BE5ACE /* Assets.xcassets in Resources */,
				D0550A342214C0B700BE5ACE /* Main.storyboard in Resources */,
			);
			runOnlyForDeploymentPostprocessing = 0;
		};
		D0550A3D2214C0B900BE5ACE /* Resources */ = {
			isa = PBXResourcesBuildPhase;
			buildActionMask = 2147483647;
			files = (
			);
			runOnlyForDeploymentPostprocessing = 0;
		};
/* End PBXResourcesBuildPhase section */

/* Begin PBXSourcesBuildPhase section */
		D0550A272214C0B700BE5ACE /* Sources */ = {
			isa = PBXSourcesBuildPhase;
			buildActionMask = 2147483647;
			files = (
				D0550A312214C0B700BE5ACE /* ViewController.swift in Sources */,
				D0550A2F2214C0B700BE5ACE /* AppDelegate.swift in Sources */,
			);
			runOnlyForDeploymentPostprocessing = 0;
		};
		D0550A3B2214C0B900BE5ACE /* Sources */ = {
			isa = PBXSourcesBuildPhase;
			buildActionMask = 2147483647;
			files = (
				D0550A442214C0B900BE5ACE /* WorkshopTestesTests.swift in Sources */,
			);
			runOnlyForDeploymentPostprocessing = 0;
		};
/* End PBXSourcesBuildPhase section */

/* Begin PBXTargetDependency section */
		D0550A412214C0B900BE5ACE /* PBXTargetDependency */ = {
			isa = PBXTargetDependency;
			target = D0550A2A2214C0B700BE5ACE /* WorkshopTestes */;
			targetProxy = D0550A402214C0B900BE5ACE /* PBXContainerItemProxy */;
		};
/* End PBXTargetDependency section */

/* Begin PBXVariantGroup section */
		D0550A322214C0B700BE5ACE /* Main.storyboard */ = {
			isa = PBXVariantGroup;
			children = (
				D0550A332214C0B700BE5ACE /* Base */,
			);
			name = Main.storyboard;
			sourceTree = "<group>";
		};
		D0550A372214C0B900BE5ACE /* LaunchScreen.storyboard */ = {
			isa = PBXVariantGroup;
			children = (
				D0550A382214C0B900BE5ACE /* Base */,
			);
			name = LaunchScreen.storyboard;
			sourceTree = "<group>";
		};
/* End PBXVariantGroup section */

/* Begin XCBuildConfiguration section */
		D0550A462214C0B900BE5ACE /* Debug */ = {
			isa = XCBuildConfiguration;
			buildSettings = {
				ALWAYS_SEARCH_USER_PATHS = NO;
				CLANG_ANALYZER_NONNULL = YES;
				CLANG_ANALYZER_NUMBER_OBJECT_CONVERSION = YES_AGGRESSIVE;
				CLANG_CXX_LANGUAGE_STANDARD = "gnu++14";
				CLANG_CXX_LIBRARY = "libc++";
				CLANG_ENABLE_MODULES = YES;
				CLANG_ENABLE_OBJC_ARC = YES;
				CLANG_ENABLE_OBJC_WEAK = YES;
				CLANG_WARN_BLOCK_CAPTURE_AUTORELEASING = YES;
				CLANG_WARN_BOOL_CONVERSION = YES;
				CLANG_WARN_COMMA = YES;
				CLANG_WARN_CONSTANT_CONVERSION = YES;
				CLANG_WARN_DEPRECATED_OBJC_IMPLEMENTATIONS = YES;
				CLANG_WARN_DIRECT_OBJC_ISA_USAGE = YES_ERROR;
				CLANG_WARN_DOCUMENTATION_COMMENTS = YES;
				CLANG_WARN_EMPTY_BODY = YES;
				CLANG_WARN_ENUM_CONVERSION = YES;
				CLANG_WARN_INFINITE_RECURSION = YES;
				CLANG_WARN_INT_CONVERSION = YES;
				CLANG_WARN_NON_LITERAL_NULL_CONVERSION = YES;
				CLANG_WARN_OBJC_IMPLICIT_RETAIN_SELF = YES;
				CLANG_WARN_OBJC_LITERAL_CONVERSION = YES;
				CLANG_WARN_OBJC_ROOT_CLASS = YES_ERROR;
				CLANG_WARN_RANGE_LOOP_ANALYSIS = YES;
				CLANG_WARN_STRICT_PROTOTYPES = YES;
				CLANG_WARN_SUSPICIOUS_MOVE = YES;
				CLANG_WARN_UNGUARDED_AVAILABILITY = YES_AGGRESSIVE;
				CLANG_WARN_UNREACHABLE_CODE = YES;
				CLANG_WARN__DUPLICATE_METHOD_MATCH = YES;
				CODE_SIGN_IDENTITY = "iPhone Developer";
				COPY_PHASE_STRIP = NO;
				DEBUG_INFORMATION_FORMAT = dwarf;
				ENABLE_STRICT_OBJC_MSGSEND = YES;
				ENABLE_TESTABILITY = YES;
				GCC_C_LANGUAGE_STANDARD = gnu11;
				GCC_DYNAMIC_NO_PIC = NO;
				GCC_NO_COMMON_BLOCKS = YES;
				GCC_OPTIMIZATION_LEVEL = 0;
				GCC_PREPROCESSOR_DEFINITIONS = (
					"DEBUG=1",
					"$(inherited)",
				);
				GCC_WARN_64_TO_32_BIT_CONVERSION = YES;
				GCC_WARN_ABOUT_RETURN_TYPE = YES_ERROR;
				GCC_WARN_UNDECLARED_SELECTOR = YES;
				GCC_WARN_UNINITIALIZED_AUTOS = YES_AGGRESSIVE;
				GCC_WARN_UNUSED_FUNCTION = YES;
				GCC_WARN_UNUSED_VARIABLE = YES;
				IPHONEOS_DEPLOYMENT_TARGET = 12.1;
				MTL_ENABLE_DEBUG_INFO = INCLUDE_SOURCE;
				MTL_FAST_MATH = YES;
				ONLY_ACTIVE_ARCH = YES;
				SDKROOT = iphoneos;
				SWIFT_ACTIVE_COMPILATION_CONDITIONS = DEBUG;
				SWIFT_OPTIMIZATION_LEVEL = "-Onone";
			};
			name = Debug;
		};
		D0550A472214C0B900BE5ACE /* Release */ = {
			isa = XCBuildConfiguration;
			buildSettings = {
				ALWAYS_SEARCH_USER_PATHS = NO;
				CLANG_ANALYZER_NONNULL = YES;
				CLANG_ANALYZER_NUMBER_OBJECT_CONVERSION = YES_AGGRESSIVE;
				CLANG_CXX_LANGUAGE_STANDARD = "gnu++14";
				CLANG_CXX_LIBRARY = "libc++";
				CLANG_ENABLE_MODULES = YES;
				CLANG_ENABLE_OBJC_ARC = YES;
				CLANG_ENABLE_OBJC_WEAK = YES;
				CLANG_WARN_BLOCK_CAPTURE_AUTORELEASING = YES;
				CLANG_WARN_BOOL_CONVERSION = YES;
				CLANG_WARN_COMMA = YES;
				CLANG_WARN_CONSTANT_CONVERSION = YES;
				CLANG_WARN_DEPRECATED_OBJC_IMPLEMENTATIONS = YES;
				CLANG_WARN_DIRECT_OBJC_ISA_USAGE = YES_ERROR;
				CLANG_WARN_DOCUMENTATION_COMMENTS = YES;
				CLANG_WARN_EMPTY_BODY = YES;
				CLANG_WARN_ENUM_CONVERSION = YES;
				CLANG_WARN_INFINITE_RECURSION = YES;
				CLANG_WARN_INT_CONVERSION = YES;
				CLANG_WARN_NON_LITERAL_NULL_CONVERSION = YES;
				CLANG_WARN_OBJC_IMPLICIT_RETAIN_SELF = YES;
				CLANG_WARN_OBJC_LITERAL_CONVERSION = YES;
				CLANG_WARN_OBJC_ROOT_CLASS = YES_ERROR;
				CLANG_WARN_RANGE_LOOP_ANALYSIS = YES;
				CLANG_WARN_STRICT_PROTOTYPES = YES;
				CLANG_WARN_SUSPICIOUS_MOVE = YES;
				CLANG_WARN_UNGUARDED_AVAILABILITY = YES_AGGRESSIVE;
				CLANG_WARN_UNREACHABLE_CODE = YES;
				CLANG_WARN__DUPLICATE_METHOD_MATCH = YES;
				CODE_SIGN_IDENTITY = "iPhone Developer";
				COPY_PHASE_STRIP = NO;
				DEBUG_INFORMATION_FORMAT = "dwarf-with-dsym";
				ENABLE_NS_ASSERTIONS = NO;
				ENABLE_STRICT_OBJC_MSGSEND = YES;
				GCC_C_LANGUAGE_STANDARD = gnu11;
				GCC_NO_COMMON_BLOCKS = YES;
				GCC_WARN_64_TO_32_BIT_CONVERSION = YES;
				GCC_WARN_ABOUT_RETURN_TYPE = YES_ERROR;
				GCC_WARN_UNDECLARED_SELECTOR = YES;
				GCC_WARN_UNINITIALIZED_AUTOS = YES_AGGRESSIVE;
				GCC_WARN_UNUSED_FUNCTION = YES;
				GCC_WARN_UNUSED_VARIABLE = YES;
				IPHONEOS_DEPLOYMENT_TARGET = 12.1;
				MTL_ENABLE_DEBUG_INFO = NO;
				MTL_FAST_MATH = YES;
				SDKROOT = iphoneos;
				SWIFT_COMPILATION_MODE = wholemodule;
				SWIFT_OPTIMIZATION_LEVEL = "-O";
				VALIDATE_PRODUCT = YES;
			};
			name = Release;
		};
		D0550A492214C0B900BE5ACE /* Debug */ = {
			isa = XCBuildConfiguration;
			buildSettings = {
				ASSETCATALOG_COMPILER_APPICON_NAME = AppIcon;
				CODE_SIGN_STYLE = Automatic;
				DEVELOPMENT_TEAM = 2L8WPWWVB6;
				INFOPLIST_FILE = WorkshopTestes/Info.plist;
				LD_RUNPATH_SEARCH_PATHS = (
					"$(inherited)",
					"@executable_path/Frameworks",
				);
				PRODUCT_BUNDLE_IDENTIFIER = br.com.fullpromo.WorkshopTestes;
				PRODUCT_NAME = "$(TARGET_NAME)";
				SWIFT_VERSION = 4.2;
				TARGETED_DEVICE_FAMILY = "1,2";
			};
			name = Debug;
		};
		D0550A4A2214C0B900BE5ACE /* Release */ = {
			isa = XCBuildConfiguration;
			buildSettings = {
				ASSETCATALOG_COMPILER_APPICON_NAME = AppIcon;
				CODE_SIGN_STYLE = Automatic;
				DEVELOPMENT_TEAM = 2L8WPWWVB6;
				INFOPLIST_FILE = WorkshopTestes/Info.plist;
				LD_RUNPATH_SEARCH_PATHS = (
					"$(inherited)",
					"@executable_path/Frameworks",
				);
				PRODUCT_BUNDLE_IDENTIFIER = br.com.fullpromo.WorkshopTestes;
				PRODUCT_NAME = "$(TARGET_NAME)";
				SWIFT_VERSION = 4.2;
				TARGETED_DEVICE_FAMILY = "1,2";
			};
			name = Release;
		};
		D0550A4C2214C0B900BE5ACE /* Debug */ = {
			isa = XCBuildConfiguration;
			buildSettings = {
				ALWAYS_EMBED_SWIFT_STANDARD_LIBRARIES = YES;
				BUNDLE_LOADER = "$(TEST_HOST)";
				CODE_SIGN_STYLE = Automatic;
				DEVELOPMENT_TEAM = 2L8WPWWVB6;
				INFOPLIST_FILE = WorkshopTestesTests/Info.plist;
				LD_RUNPATH_SEARCH_PATHS = (
					"$(inherited)",
					"@executable_path/Frameworks",
					"@loader_path/Frameworks",
				);
				PRODUCT_BUNDLE_IDENTIFIER = br.com.fullpromo.WorkshopTestesTests;
				PRODUCT_NAME = "$(TARGET_NAME)";
				SWIFT_VERSION = 4.2;
				TARGETED_DEVICE_FAMILY = "1,2";
				TEST_HOST = "$(BUILT_PRODUCTS_DIR)/WorkshopTestes.app/WorkshopTestes";
			};
			name = Debug;
		};
		D0550A4D2214C0B900BE5ACE /* Release */ = {
			isa = XCBuildConfiguration;
			buildSettings = {
				ALWAYS_EMBED_SWIFT_STANDARD_LIBRARIES = YES;
				BUNDLE_LOADER = "$(TEST_HOST)";
				CODE_SIGN_STYLE = Automatic;
				DEVELOPMENT_TEAM = 2L8WPWWVB6;
				INFOPLIST_FILE = WorkshopTestesTests/Info.plist;
				LD_RUNPATH_SEARCH_PATHS = (
					"$(inherited)",
					"@executable_path/Frameworks",
					"@loader_path/Frameworks",
				);
				PRODUCT_BUNDLE_IDENTIFIER = br.com.fullpromo.WorkshopTestesTests;
				PRODUCT_NAME = "$(TARGET_NAME)";
				SWIFT_VERSION = 4.2;
				TARGETED_DEVICE_FAMILY = "1,2";
				TEST_HOST = "$(BUILT_PRODUCTS_DIR)/WorkshopTestes.app/WorkshopTestes";
			};
			name = Release;
		};
/* End XCBuildConfiguration section */

/* Begin XCConfigurationList section */
		D0550A262214C0B700BE5ACE /* Build configuration list for PBXProject "WorkshopTestes" */ = {
			isa = XCConfigurationList;
			buildConfigurations = (
				D0550A462214C0B900BE5ACE /* Debug */,
				D0550A472214C0B900BE5ACE /* Release */,
			);
			defaultConfigurationIsVisible = 0;
			defaultConfigurationName = Release;
		};
		D0550A482214C0B900BE5ACE /* Build configuration list for PBXNativeTarget "WorkshopTestes" */ = {
			isa = XCConfigurationList;
			buildConfigurations = (
				D0550A492214C0B900BE5ACE /* Debug */,
				D0550A4A2214C0B900BE5ACE /* Release */,
			);
			defaultConfigurationIsVisible = 0;
			defaultConfigurationName = Release;
		};
		D0550A4B2214C0B900BE5ACE /* Build configuration list for PBXNativeTarget "WorkshopTestesTests" */ = {
			isa = XCConfigurationList;
			buildConfigurations = (
				D0550A4C2214C0B900BE5ACE /* Debug */,
				D0550A4D2214C0B900BE5ACE /* Release */,
			);
			defaultConfigurationIsVisible = 0;
			defaultConfigurationName = Release;
		};
/* End XCConfigurationList section */
	};
	rootObject = D0550A232214C0B700BE5ACE /* Project object */;
}
